
Microsoft Visual Studio Solution File, Format Version 12.00
# Visual Studio 15
VisualStudioVersion = 15.0.26730.8
MinimumVisualStudioVersion = 10.0.40219.1
Project("{FAE04EC0-301F-11D3-BF4B-00C04F79EFBC}") = "fixacao1", "fixacao1\fixacao1.csproj", "{3E59690B-9975-4CA6-A6E4-FF7987584A26}"
EndProject
Global
	GlobalSection(SolutionConfigurationPlatforms) = preSolution
		Debug|Any CPU = Debug|Any CPU
		Release|Any CPU = Release|Any CPU
	EndGlobalSection
	GlobalSection(ProjectConfigurationPlatforms) = postSolution
		{3E59690B-9975-4CA6-A6E4-FF7987584A26}.Debug|Any CPU.ActiveCfg = Debug|Any CPU
		{3E59690B-9975-4CA6-A6E4-FF7987584A26}.Debug|Any CPU.Build.0 = Debug|Any CPU
		{3E59690B-9975-4CA6-A6E4-FF7987584A26}.Release|Any CPU.ActiveCfg = Release|Any CPU
		{3E59690B-9975-4CA6-A6E4-FF7987584A26}.Release|Any CPU.Build.0 = Release|Any CPU
	EndGlobalSection
	GlobalSection(SolutionProperties) = preSolution
		HideSolutionNode = FALSE
	EndGlobalSection
	GlobalSection(ExtensibilityGlobals) = postSolution
		SolutionGuid = {57F7B7AB-AC6C-4061-9534-21F4052DBEF1}
	EndGlobalSection
EndGlobal
